
Microsoft Visual Studio Solution File, Format Version 12.00
# Visual Studio Version 16
VisualStudioVersion = 16.0.32901.82
MinimumVisualStudioVersion = 10.0.40219.1
Project("{FAE04EC0-301F-11D3-BF4B-00C04F79EFBC}") = "28.10.2022 Part2", "28.10.2022 Part2\28.10.2022 Part2.csproj", "{3EA754E5-B96C-433F-9FDB-2F40C2F556C1}"
EndProject
Project("{FAE04EC0-301F-11D3-BF4B-00C04F79EFBC}") = "Service", "Service\Service.csproj", "{5A995D09-5B2C-4BBF-8E23-DBDB9319F7D4}"
EndProject
Global
	GlobalSection(SolutionConfigurationPlatforms) = preSolution
		Debug|Any CPU = Debug|Any CPU
		Release|Any CPU = Release|Any CPU
	EndGlobalSection
	GlobalSection(ProjectConfigurationPlatforms) = postSolution
		{3EA754E5-B96C-433F-9FDB-2F40C2F556C1}.Debug|Any CPU.ActiveCfg = Debug|Any CPU
		{3EA754E5-B96C-433F-9FDB-2F40C2F556C1}.Debug|Any CPU.Build.0 = Debug|Any CPU
		{3EA754E5-B96C-433F-9FDB-2F40C2F556C1}.Release|Any CPU.ActiveCfg = Release|Any CPU
		{3EA754E5-B96C-433F-9FDB-2F40C2F556C1}.Release|Any CPU.Build.0 = Release|Any CPU
		{5A995D09-5B2C-4BBF-8E23-DBDB9319F7D4}.Debug|Any CPU.ActiveCfg = Debug|Any CPU
		{5A995D09-5B2C-4BBF-8E23-DBDB9319F7D4}.Debug|Any CPU.Build.0 = Debug|Any CPU
		{5A995D09-5B2C-4BBF-8E23-DBDB9319F7D4}.Release|Any CPU.ActiveCfg = Release|Any CPU
		{5A995D09-5B2C-4BBF-8E23-DBDB9319F7D4}.Release|Any CPU.Build.0 = Release|Any CPU
	EndGlobalSection
	GlobalSection(SolutionProperties) = preSolution
		HideSolutionNode = FALSE
	EndGlobalSection
	GlobalSection(ExtensibilityGlobals) = postSolution
		SolutionGuid = {EDB36746-C570-4985-8BC0-BFCF40F9F95A}
	EndGlobalSection
EndGlobal
